
Microsoft Visual Studio Solution File, Format Version 12.00
# Visual Studio Version 16
VisualStudioVersion = 16.0.32228.343
MinimumVisualStudioVersion = 10.0.40219.1
Project("{FAE04EC0-301F-11D3-BF4B-00C04F79EFBC}") = "ModeloLoja", "ModeloLoja.csproj", "{03F2D39B-F2B5-48DE-B0E2-7B5AC95B7E18}"
EndProject
Global
	GlobalSection(SolutionConfigurationPlatforms) = preSolution
		Debug|Any CPU = Debug|Any CPU
		Release|Any CPU = Release|Any CPU
	EndGlobalSection
	GlobalSection(ProjectConfigurationPlatforms) = postSolution
		{03F2D39B-F2B5-48DE-B0E2-7B5AC95B7E18}.Debug|Any CPU.ActiveCfg = Debug|Any CPU
		{03F2D39B-F2B5-48DE-B0E2-7B5AC95B7E18}.Debug|Any CPU.Build.0 = Debug|Any CPU
		{03F2D39B-F2B5-48DE-B0E2-7B5AC95B7E18}.Release|Any CPU.ActiveCfg = Release|Any CPU
		{03F2D39B-F2B5-48DE-B0E2-7B5AC95B7E18}.Release|Any CPU.Build.0 = Release|Any CPU
	EndGlobalSection
	GlobalSection(SolutionProperties) = preSolution
		HideSolutionNode = FALSE
	EndGlobalSection
	GlobalSection(ExtensibilityGlobals) = postSolution
		SolutionGuid = {5DD0708C-ADEF-429A-BBAB-7B04665644D7}
	EndGlobalSection
EndGlobal
